
Microsoft Visual Studio Solution File, Format Version 12.00
# Visual Studio Version 17
VisualStudioVersion = 17.7.34003.232
MinimumVisualStudioVersion = 10.0.40219.1
Project("{FAE04EC0-301F-11D3-BF4B-00C04F79EFBC}") = "125_MusicLibraryBinusTask", "125_MusicLibraryBinusTask\125_MusicLibraryBinusTask.csproj", "{A1BCB0AD-4168-4F4D-9EFD-0D986896C507}"
EndProject
Global
	GlobalSection(SolutionConfigurationPlatforms) = preSolution
		Debug|Any CPU = Debug|Any CPU
		Release|Any CPU = Release|Any CPU
	EndGlobalSection
	GlobalSection(ProjectConfigurationPlatforms) = postSolution
		{A1BCB0AD-4168-4F4D-9EFD-0D986896C507}.Debug|Any CPU.ActiveCfg = Debug|Any CPU
		{A1BCB0AD-4168-4F4D-9EFD-0D986896C507}.Debug|Any CPU.Build.0 = Debug|Any CPU
		{A1BCB0AD-4168-4F4D-9EFD-0D986896C507}.Release|Any CPU.ActiveCfg = Release|Any CPU
		{A1BCB0AD-4168-4F4D-9EFD-0D986896C507}.Release|Any CPU.Build.0 = Release|Any CPU
	EndGlobalSection
	GlobalSection(SolutionProperties) = preSolution
		HideSolutionNode = FALSE
	EndGlobalSection
	GlobalSection(ExtensibilityGlobals) = postSolution
		SolutionGuid = {5EAD0326-3441-4A09-AD0F-A391E3F0BBC2}
	EndGlobalSection
EndGlobal
